{
  "version": 4,
  "terraform_version": "0.12.7",
  "serial": 720,
  "lineage": "4226ce2f-f81c-43d6-b758-4620a267fdea",
  "outputs": {},
  "resources": [
    {
      "mode": "managed",
      "type": "google_compute_address",
      "name": "ip_address1",
      "provider": "provider.google",
      "instances": [
        {
          "schema_version": 0,
          "attributes": {
            "address": "35.202.98.73",
            "address_type": "EXTERNAL",
            "creation_timestamp": "2019-09-06T04:23:40.873-07:00",
            "description": "",
            "id": "script-project-249010/us-central1/ip-address1",
            "name": "ip-address1",
            "network_tier": "PREMIUM",
            "project": "script-project-249010",
            "region": "us-central1",
            "self_link": "https://www.googleapis.com/compute/v1/projects/script-project-249010/regions/us-central1/addresses/ip-address1",
            "subnetwork": "",
            "timeouts": null,
            "users": []
          },
          "private": "eyJlMmJmYjczMC1lY2FhLTExZTYtOGY4OC0zNDM2M2JjN2M0YzAiOnsiY3JlYXRlIjoyNDAwMDAwMDAwMDAsImRlbGV0ZSI6MjQwMDAwMDAwMDAwfX0="
        }
      ]
    },
    {
      "mode": "managed",
      "type": "google_compute_address",
      "name": "ip_address2",
      "provider": "provider.google",
      "instances": [
        {
          "schema_version": 0,
          "attributes": {
            "address": "104.154.213.154",
            "address_type": "EXTERNAL",
            "creation_timestamp": "2019-09-06T04:23:40.870-07:00",
            "description": "",
            "id": "script-project-249010/us-central1/ip-address2",
            "name": "ip-address2",
            "network_tier": "PREMIUM",
            "project": "script-project-249010",
            "region": "us-central1",
            "self_link": "https://www.googleapis.com/compute/v1/projects/script-project-249010/regions/us-central1/addresses/ip-address2",
            "subnetwork": "",
            "timeouts": null,
            "users": []
          },
          "private": "eyJlMmJmYjczMC1lY2FhLTExZTYtOGY4OC0zNDM2M2JjN2M0YzAiOnsiY3JlYXRlIjoyNDAwMDAwMDAwMDAsImRlbGV0ZSI6MjQwMDAwMDAwMDAwfX0="
        }
      ]
    },
    {
      "mode": "managed",
      "type": "google_compute_firewall",
      "name": "firewall1",
      "provider": "provider.google",
      "instances": [
        {
          "schema_version": 1,
          "attributes": {
            "allow": [
              {
                "ports": [
                  "22",
                  "80",
                  "8080"
                ],
                "protocol": "tcp"
              },
              {
                "ports": [],
                "protocol": "icmp"
              }
            ],
            "creation_timestamp": "2019-09-06T04:23:56.701-07:00",
            "deny": [],
            "description": "",
            "destination_ranges": [],
            "direction": "INGRESS",
            "disabled": false,
            "id": "dev-ingress-firewall",
            "name": "dev-ingress-firewall",
            "network": "https://www.googleapis.com/compute/v1/projects/script-project-249010/global/networks/dev-vpc",
            "priority": 1000,
            "project": "script-project-249010",
            "self_link": "https://www.googleapis.com/compute/v1/projects/script-project-249010/global/firewalls/dev-ingress-firewall",
            "source_ranges": [
              "0.0.0.0/0"
            ],
            "source_service_accounts": null,
            "source_tags": null,
            "target_service_accounts": null,
            "target_tags": null,
            "timeouts": null
          },
          "private": "eyJlMmJmYjczMC1lY2FhLTExZTYtOGY4OC0zNDM2M2JjN2M0YzAiOnsiY3JlYXRlIjoyNDAwMDAwMDAwMDAsImRlbGV0ZSI6MjQwMDAwMDAwMDAwLCJ1cGRhdGUiOjI0MDAwMDAwMDAwMH0sInNjaGVtYV92ZXJzaW9uIjoiMSJ9",
          "depends_on": [
            "google_compute_network.vpc1"
          ]
        }
      ]
    },
    {
      "mode": "managed",
      "type": "google_compute_firewall",
      "name": "firewall2",
      "provider": "provider.google",
      "instances": [
        {
          "schema_version": 1,
          "attributes": {
            "allow": [
              {
                "ports": [
                  "22",
                  "80",
                  "8080"
                ],
                "protocol": "tcp"
              },
              {
                "ports": [],
                "protocol": "icmp"
              }
            ],
            "creation_timestamp": "2019-09-06T04:23:56.776-07:00",
            "deny": [],
            "description": "",
            "destination_ranges": [
              "0.0.0.0/0"
            ],
            "direction": "EGRESS",
            "disabled": false,
            "id": "dev-egress-firewall",
            "name": "dev-egress-firewall",
            "network": "https://www.googleapis.com/compute/v1/projects/script-project-249010/global/networks/dev-vpc",
            "priority": 1000,
            "project": "script-project-249010",
            "self_link": "https://www.googleapis.com/compute/v1/projects/script-project-249010/global/firewalls/dev-egress-firewall",
            "source_ranges": [],
            "source_service_accounts": null,
            "source_tags": null,
            "target_service_accounts": null,
            "target_tags": null,
            "timeouts": null
          },
          "private": "eyJlMmJmYjczMC1lY2FhLTExZTYtOGY4OC0zNDM2M2JjN2M0YzAiOnsiY3JlYXRlIjoyNDAwMDAwMDAwMDAsImRlbGV0ZSI6MjQwMDAwMDAwMDAwLCJ1cGRhdGUiOjI0MDAwMDAwMDAwMH0sInNjaGVtYV92ZXJzaW9uIjoiMSJ9",
          "depends_on": [
            "google_compute_network.vpc1"
          ]
        }
      ]
    },
    {
      "mode": "managed",
      "type": "google_compute_firewall",
      "name": "firewall3",
      "provider": "provider.google",
      "instances": [
        {
          "schema_version": 1,
          "attributes": {
            "allow": [
              {
                "ports": [
                  "22",
                  "80",
                  "8080"
                ],
                "protocol": "tcp"
              },
              {
                "ports": [],
                "protocol": "icmp"
              }
            ],
            "creation_timestamp": "2019-09-06T04:23:56.855-07:00",
            "deny": [],
            "description": "",
            "destination_ranges": [],
            "direction": "INGRESS",
            "disabled": false,
            "id": "prod-ingress-firewall",
            "name": "prod-ingress-firewall",
            "network": "https://www.googleapis.com/compute/v1/projects/script-project-249010/global/networks/prod-vpc",
            "priority": 1000,
            "project": "script-project-249010",
            "self_link": "https://www.googleapis.com/compute/v1/projects/script-project-249010/global/firewalls/prod-ingress-firewall",
            "source_ranges": [
              "0.0.0.0/0"
            ],
            "source_service_accounts": null,
            "source_tags": null,
            "target_service_accounts": null,
            "target_tags": null,
            "timeouts": null
          },
          "private": "eyJlMmJmYjczMC1lY2FhLTExZTYtOGY4OC0zNDM2M2JjN2M0YzAiOnsiY3JlYXRlIjoyNDAwMDAwMDAwMDAsImRlbGV0ZSI6MjQwMDAwMDAwMDAwLCJ1cGRhdGUiOjI0MDAwMDAwMDAwMH0sInNjaGVtYV92ZXJzaW9uIjoiMSJ9",
          "depends_on": [
            "google_compute_network.vpc2"
          ]
        }
      ]
    },
    {
      "mode": "managed",
      "type": "google_compute_firewall",
      "name": "firewall4",
      "provider": "provider.google",
      "instances": [
        {
          "schema_version": 1,
          "attributes": {
            "allow": [
              {
                "ports": [
                  "22",
                  "80",
                  "8080"
                ],
                "protocol": "tcp"
              },
              {
                "ports": [],
                "protocol": "icmp"
              }
            ],
            "creation_timestamp": "2019-09-06T04:23:56.782-07:00",
            "deny": [],
            "description": "",
            "destination_ranges": [
              "0.0.0.0/0"
            ],
            "direction": "EGRESS",
            "disabled": false,
            "id": "prod-egress-firewall",
            "name": "prod-egress-firewall",
            "network": "https://www.googleapis.com/compute/v1/projects/script-project-249010/global/networks/prod-vpc",
            "priority": 1000,
            "project": "script-project-249010",
            "self_link": "https://www.googleapis.com/compute/v1/projects/script-project-249010/global/firewalls/prod-egress-firewall",
            "source_ranges": [],
            "source_service_accounts": null,
            "source_tags": null,
            "target_service_accounts": null,
            "target_tags": null,
            "timeouts": null
          },
          "private": "eyJlMmJmYjczMC1lY2FhLTExZTYtOGY4OC0zNDM2M2JjN2M0YzAiOnsiY3JlYXRlIjoyNDAwMDAwMDAwMDAsImRlbGV0ZSI6MjQwMDAwMDAwMDAwLCJ1cGRhdGUiOjI0MDAwMDAwMDAwMH0sInNjaGVtYV92ZXJzaW9uIjoiMSJ9",
          "depends_on": [
            "google_compute_network.vpc2"
          ]
        }
      ]
    },
    {
      "mode": "managed",
      "type": "google_compute_forwarding_rule",
      "name": "fr_esp",
      "provider": "provider.google",
      "instances": [
        {
          "schema_version": 0,
          "attributes": {
            "all_ports": false,
            "backend_service": "",
            "creation_timestamp": "2019-09-06T04:24:00.753-07:00",
            "description": "",
            "id": "fr-esp",
            "ip_address": "35.202.98.73",
            "ip_protocol": "ESP",
            "ip_version": "",
            "load_balancing_scheme": "EXTERNAL",
            "name": "fr-esp",
            "network": "",
            "network_tier": "PREMIUM",
            "port_range": "",
            "ports": null,
            "project": "script-project-249010",
            "region": "us-central1",
            "self_link": "https://www.googleapis.com/compute/v1/projects/script-project-249010/regions/us-central1/forwardingRules/fr-esp",
            "service_label": "",
            "service_name": "",
            "subnetwork": "",
            "target": "https://www.googleapis.com/compute/v1/projects/script-project-249010/regions/us-central1/targetVpnGateways/vpn-gateway-1",
            "timeouts": null
          },
          "private": "eyJlMmJmYjczMC1lY2FhLTExZTYtOGY4OC0zNDM2M2JjN2M0YzAiOnsiY3JlYXRlIjoyNDAwMDAwMDAwMDAsImRlbGV0ZSI6MjQwMDAwMDAwMDAwLCJ1cGRhdGUiOjI0MDAwMDAwMDAwMH19",
          "depends_on": [
            "google_compute_address.ip_address1",
            "google_compute_vpn_gateway.gateway1"
          ]
        }
      ]
    },
    {
      "mode": "managed",
      "type": "google_compute_forwarding_rule",
      "name": "fr_esp-1",
      "provider": "provider.google",
      "instances": [
        {
          "schema_version": 0,
          "attributes": {
            "all_ports": false,
            "backend_service": "",
            "creation_timestamp": "2019-09-06T04:24:06.853-07:00",
            "description": "",
            "id": "fr-esp-1",
            "ip_address": "104.154.213.154",
            "ip_protocol": "ESP",
            "ip_version": "",
            "load_balancing_scheme": "EXTERNAL",
            "name": "fr-esp-1",
            "network": "",
            "network_tier": "PREMIUM",
            "port_range": "",
            "ports": null,
            "project": "script-project-249010",
            "region": "us-central1",
            "self_link": "https://www.googleapis.com/compute/v1/projects/script-project-249010/regions/us-central1/forwardingRules/fr-esp-1",
            "service_label": "",
            "service_name": "",
            "subnetwork": "",
            "target": "https://www.googleapis.com/compute/v1/projects/script-project-249010/regions/us-central1/targetVpnGateways/vpn-gateway-2",
            "timeouts": null
          },
          "private": "eyJlMmJmYjczMC1lY2FhLTExZTYtOGY4OC0zNDM2M2JjN2M0YzAiOnsiY3JlYXRlIjoyNDAwMDAwMDAwMDAsImRlbGV0ZSI6MjQwMDAwMDAwMDAwLCJ1cGRhdGUiOjI0MDAwMDAwMDAwMH19",
          "depends_on": [
            "google_compute_address.ip_address2",
            "google_compute_vpn_gateway.gateway2"
          ]
        }
      ]
    },
    {
      "mode": "managed",
      "type": "google_compute_forwarding_rule",
      "name": "fr_udp4500",
      "provider": "provider.google",
      "instances": [
        {
          "schema_version": 0,
          "attributes": {
            "all_ports": false,
            "backend_service": "",
            "creation_timestamp": "2019-09-06T04:24:01.441-07:00",
            "description": "",
            "id": "fr-udp4500",
            "ip_address": "35.202.98.73",
            "ip_protocol": "UDP",
            "ip_version": "",
            "load_balancing_scheme": "EXTERNAL",
            "name": "fr-udp4500",
            "network": "",
            "network_tier": "PREMIUM",
            "port_range": "4500-4500",
            "ports": null,
            "project": "script-project-249010",
            "region": "us-central1",
            "self_link": "https://www.googleapis.com/compute/v1/projects/script-project-249010/regions/us-central1/forwardingRules/fr-udp4500",
            "service_label": "",
            "service_name": "",
            "subnetwork": "",
            "target": "https://www.googleapis.com/compute/v1/projects/script-project-249010/regions/us-central1/targetVpnGateways/vpn-gateway-1",
            "timeouts": null
          },
          "private": "eyJlMmJmYjczMC1lY2FhLTExZTYtOGY4OC0zNDM2M2JjN2M0YzAiOnsiY3JlYXRlIjoyNDAwMDAwMDAwMDAsImRlbGV0ZSI6MjQwMDAwMDAwMDAwLCJ1cGRhdGUiOjI0MDAwMDAwMDAwMH19",
          "depends_on": [
            "google_compute_address.ip_address1",
            "google_compute_vpn_gateway.gateway1"
          ]
        }
      ]
    },
    {
      "mode": "managed",
      "type": "google_compute_forwarding_rule",
      "name": "fr_udp4500-1",
      "provider": "provider.google",
      "instances": [
        {
          "schema_version": 0,
          "attributes": {
            "all_ports": false,
            "backend_service": "",
            "creation_timestamp": "2019-09-06T04:24:09.397-07:00",
            "description": "",
            "id": "fr-udp4500-1",
            "ip_address": "104.154.213.154",
            "ip_protocol": "UDP",
            "ip_version": "",
            "load_balancing_scheme": "EXTERNAL",
            "name": "fr-udp4500-1",
            "network": "",
            "network_tier": "PREMIUM",
            "port_range": "4500-4500",
            "ports": null,
            "project": "script-project-249010",
            "region": "us-central1",
            "self_link": "https://www.googleapis.com/compute/v1/projects/script-project-249010/regions/us-central1/forwardingRules/fr-udp4500-1",
            "service_label": "",
            "service_name": "",
            "subnetwork": "",
            "target": "https://www.googleapis.com/compute/v1/projects/script-project-249010/regions/us-central1/targetVpnGateways/vpn-gateway-2",
            "timeouts": null
          },
          "private": "eyJlMmJmYjczMC1lY2FhLTExZTYtOGY4OC0zNDM2M2JjN2M0YzAiOnsiY3JlYXRlIjoyNDAwMDAwMDAwMDAsImRlbGV0ZSI6MjQwMDAwMDAwMDAwLCJ1cGRhdGUiOjI0MDAwMDAwMDAwMH19",
          "depends_on": [
            "google_compute_address.ip_address2",
            "google_compute_vpn_gateway.gateway2"
          ]
        }
      ]
    },
    {
      "mode": "managed",
      "type": "google_compute_forwarding_rule",
      "name": "fr_udp500",
      "provider": "provider.google",
      "instances": [
        {
          "schema_version": 0,
          "attributes": {
            "all_ports": false,
            "backend_service": "",
            "creation_timestamp": "2019-09-06T04:24:02.762-07:00",
            "description": "",
            "id": "fr-udp500",
            "ip_address": "35.202.98.73",
            "ip_protocol": "UDP",
            "ip_version": "",
            "load_balancing_scheme": "EXTERNAL",
            "name": "fr-udp500",
            "network": "",
            "network_tier": "PREMIUM",
            "port_range": "500-500",
            "ports": null,
            "project": "script-project-249010",
            "region": "us-central1",
            "self_link": "https://www.googleapis.com/compute/v1/projects/script-project-249010/regions/us-central1/forwardingRules/fr-udp500",
            "service_label": "",
            "service_name": "",
            "subnetwork": "",
            "target": "https://www.googleapis.com/compute/v1/projects/script-project-249010/regions/us-central1/targetVpnGateways/vpn-gateway-1",
            "timeouts": null
          },
          "private": "eyJlMmJmYjczMC1lY2FhLTExZTYtOGY4OC0zNDM2M2JjN2M0YzAiOnsiY3JlYXRlIjoyNDAwMDAwMDAwMDAsImRlbGV0ZSI6MjQwMDAwMDAwMDAwLCJ1cGRhdGUiOjI0MDAwMDAwMDAwMH19",
          "depends_on": [
            "google_compute_address.ip_address1",
            "google_compute_vpn_gateway.gateway1"
          ]
        }
      ]
    },
    {
      "mode": "managed",
      "type": "google_compute_forwarding_rule",
      "name": "fr_udp500-1",
      "provider": "provider.google",
      "instances": [
        {
          "schema_version": 0,
          "attributes": {
            "all_ports": false,
            "backend_service": "",
            "creation_timestamp": "2019-09-06T04:24:12.982-07:00",
            "description": "",
            "id": "fr-udp500-1",
            "ip_address": "104.154.213.154",
            "ip_protocol": "UDP",
            "ip_version": "",
            "load_balancing_scheme": "EXTERNAL",
            "name": "fr-udp500-1",
            "network": "",
            "network_tier": "PREMIUM",
            "port_range": "500-500",
            "ports": null,
            "project": "script-project-249010",
            "region": "us-central1",
            "self_link": "https://www.googleapis.com/compute/v1/projects/script-project-249010/regions/us-central1/forwardingRules/fr-udp500-1",
            "service_label": "",
            "service_name": "",
            "subnetwork": "",
            "target": "https://www.googleapis.com/compute/v1/projects/script-project-249010/regions/us-central1/targetVpnGateways/vpn-gateway-2",
            "timeouts": null
          },
          "private": "eyJlMmJmYjczMC1lY2FhLTExZTYtOGY4OC0zNDM2M2JjN2M0YzAiOnsiY3JlYXRlIjoyNDAwMDAwMDAwMDAsImRlbGV0ZSI6MjQwMDAwMDAwMDAwLCJ1cGRhdGUiOjI0MDAwMDAwMDAwMH19",
          "depends_on": [
            "google_compute_address.ip_address2",
            "google_compute_vpn_gateway.gateway2"
          ]
        }
      ]
    },
    {
      "mode": "managed",
      "type": "google_compute_instance",
      "name": "compute-1",
      "provider": "provider.google",
      "instances": [
        {
          "schema_version": 6,
          "attributes": {
            "allow_stopping_for_update": null,
            "attached_disk": [],
            "boot_disk": [
              {
                "auto_delete": true,
                "device_name": "persistent-disk-0",
                "disk_encryption_key_raw": "",
                "disk_encryption_key_sha256": "",
                "initialize_params": [
                  {
                    "image": "https://www.googleapis.com/compute/v1/projects/debian-cloud/global/images/debian-9-stretch-v20190813",
                    "labels": {},
                    "size": 10,
                    "type": "pd-standard"
                  }
                ],
                "kms_key_self_link": "",
                "source": "https://www.googleapis.com/compute/v1/projects/script-project-249010/zones/us-central1-a/disks/dev-instance"
              }
            ],
            "can_ip_forward": false,
            "cpu_platform": "Intel Haswell",
            "deletion_protection": false,
            "description": "",
            "disk": [],
            "guest_accelerator": [],
            "hostname": "",
            "id": "dev-instance",
            "instance_id": "4844443720182923038",
            "label_fingerprint": "42WmSpB8rSM=",
            "labels": null,
            "machine_type": "n1-standard-1",
            "metadata": null,
            "metadata_fingerprint": "vynhSBx2II4=",
            "metadata_startup_script": "",
            "min_cpu_platform": "",
            "name": "dev-instance",
            "network_interface": [
              {
                "access_config": [
                  {
                    "assigned_nat_ip": "",
                    "nat_ip": "35.194.48.167",
                    "network_tier": "PREMIUM",
                    "public_ptr_domain_name": ""
                  }
                ],
                "address": "",
                "alias_ip_range": [],
                "name": "nic0",
                "network": "https://www.googleapis.com/compute/v1/projects/script-project-249010/global/networks/dev-vpc",
                "network_ip": "10.10.0.2",
                "subnetwork": "https://www.googleapis.com/compute/v1/projects/script-project-249010/regions/us-central1/subnetworks/dev-subnet",
                "subnetwork_project": "script-project-249010"
              }
            ],
            "project": "script-project-249010",
            "scheduling": [
              {
                "automatic_restart": true,
                "node_affinities": [],
                "on_host_maintenance": "MIGRATE",
                "preemptible": false
              }
            ],
            "scratch_disk": [
              {
                "interface": "SCSI"
              }
            ],
            "self_link": "https://www.googleapis.com/compute/v1/projects/script-project-249010/zones/us-central1-a/instances/dev-instance",
            "service_account": [],
            "shielded_instance_config": [],
            "tags": null,
            "tags_fingerprint": "42WmSpB8rSM=",
            "timeouts": null,
            "zone": "us-central1-a"
          },
          "private": "eyJlMmJmYjczMC1lY2FhLTExZTYtOGY4OC0zNDM2M2JjN2M0YzAiOnsiY3JlYXRlIjoxMjAwMDAwMDAwMDAwLCJkZWxldGUiOjEyMDAwMDAwMDAwMDAsInVwZGF0ZSI6MTIwMDAwMDAwMDAwMH0sInNjaGVtYV92ZXJzaW9uIjoiNiJ9",
          "depends_on": [
            "google_compute_network.vpc1",
            "google_compute_subnetwork.subnet1"
          ]
        }
      ]
    },
    {
      "mode": "managed",
      "type": "google_compute_instance",
      "name": "compute-2",
      "provider": "provider.google",
      "instances": [
        {
          "schema_version": 6,
          "attributes": {
            "allow_stopping_for_update": null,
            "attached_disk": [],
            "boot_disk": [
              {
                "auto_delete": true,
                "device_name": "persistent-disk-0",
                "disk_encryption_key_raw": "",
                "disk_encryption_key_sha256": "",
                "initialize_params": [
                  {
                    "image": "https://www.googleapis.com/compute/v1/projects/debian-cloud/global/images/debian-9-stretch-v20190813",
                    "labels": {},
                    "size": 10,
                    "type": "pd-standard"
                  }
                ],
                "kms_key_self_link": "",
                "source": "https://www.googleapis.com/compute/v1/projects/script-project-249010/zones/us-central1-a/disks/prod-instance"
              }
            ],
            "can_ip_forward": false,
            "cpu_platform": "Intel Haswell",
            "deletion_protection": false,
            "description": "",
            "disk": [],
            "guest_accelerator": [],
            "hostname": "",
            "id": "prod-instance",
            "instance_id": "4550805688147771186",
            "label_fingerprint": "42WmSpB8rSM=",
            "labels": null,
            "machine_type": "n1-standard-1",
            "metadata": null,
            "metadata_fingerprint": "vynhSBx2II4=",
            "metadata_startup_script": "",
            "min_cpu_platform": "",
            "name": "prod-instance",
            "network_interface": [
              {
                "access_config": [
                  {
                    "assigned_nat_ip": "",
                    "nat_ip": "35.192.222.123",
                    "network_tier": "PREMIUM",
                    "public_ptr_domain_name": ""
                  }
                ],
                "address": "",
                "alias_ip_range": [],
                "name": "nic0",
                "network": "https://www.googleapis.com/compute/v1/projects/script-project-249010/global/networks/prod-vpc",
                "network_ip": "10.10.1.2",
                "subnetwork": "https://www.googleapis.com/compute/v1/projects/script-project-249010/regions/us-central1/subnetworks/prod-subnet",
                "subnetwork_project": "script-project-249010"
              }
            ],
            "project": "script-project-249010",
            "scheduling": [
              {
                "automatic_restart": true,
                "node_affinities": [],
                "on_host_maintenance": "MIGRATE",
                "preemptible": false
              }
            ],
            "scratch_disk": [
              {
                "interface": "SCSI"
              }
            ],
            "self_link": "https://www.googleapis.com/compute/v1/projects/script-project-249010/zones/us-central1-a/instances/prod-instance",
            "service_account": [],
            "shielded_instance_config": [],
            "tags": null,
            "tags_fingerprint": "42WmSpB8rSM=",
            "timeouts": null,
            "zone": "us-central1-a"
          },
          "private": "eyJlMmJmYjczMC1lY2FhLTExZTYtOGY4OC0zNDM2M2JjN2M0YzAiOnsiY3JlYXRlIjoxMjAwMDAwMDAwMDAwLCJkZWxldGUiOjEyMDAwMDAwMDAwMDAsInVwZGF0ZSI6MTIwMDAwMDAwMDAwMH0sInNjaGVtYV92ZXJzaW9uIjoiNiJ9",
          "depends_on": [
            "google_compute_network.vpc2",
            "google_compute_subnetwork.subnet2"
          ]
        }
      ]
    },
    {
      "mode": "managed",
      "type": "google_compute_network",
      "name": "vpc1",
      "provider": "provider.google",
      "instances": [
        {
          "schema_version": 0,
          "attributes": {
            "auto_create_subnetworks": false,
            "delete_default_routes_on_create": false,
            "description": "",
            "gateway_ipv4": "",
            "id": "dev-vpc",
            "ipv4_range": "",
            "name": "dev-vpc",
            "project": "script-project-249010",
            "routing_mode": "REGIONAL",
            "self_link": "https://www.googleapis.com/compute/v1/projects/script-project-249010/global/networks/dev-vpc",
            "timeouts": null
          },
          "private": "eyJlMmJmYjczMC1lY2FhLTExZTYtOGY4OC0zNDM2M2JjN2M0YzAiOnsiY3JlYXRlIjoyNDAwMDAwMDAwMDAsImRlbGV0ZSI6MjQwMDAwMDAwMDAwLCJ1cGRhdGUiOjI0MDAwMDAwMDAwMH19"
        }
      ]
    },
    {
      "mode": "managed",
      "type": "google_compute_network",
      "name": "vpc2",
      "provider": "provider.google",
      "instances": [
        {
          "schema_version": 0,
          "attributes": {
            "auto_create_subnetworks": false,
            "delete_default_routes_on_create": false,
            "description": "",
            "gateway_ipv4": "",
            "id": "prod-vpc",
            "ipv4_range": "",
            "name": "prod-vpc",
            "project": "script-project-249010",
            "routing_mode": "REGIONAL",
            "self_link": "https://www.googleapis.com/compute/v1/projects/script-project-249010/global/networks/prod-vpc",
            "timeouts": null
          },
          "private": "eyJlMmJmYjczMC1lY2FhLTExZTYtOGY4OC0zNDM2M2JjN2M0YzAiOnsiY3JlYXRlIjoyNDAwMDAwMDAwMDAsImRlbGV0ZSI6MjQwMDAwMDAwMDAwLCJ1cGRhdGUiOjI0MDAwMDAwMDAwMH19"
        }
      ]
    },
    {
      "mode": "managed",
      "type": "google_compute_subnetwork",
      "name": "subnet1",
      "provider": "provider.google",
      "instances": [
        {
          "schema_version": 0,
          "attributes": {
            "creation_timestamp": "2019-09-06T04:23:56.831-07:00",
            "description": "",
            "enable_flow_logs": false,
            "fingerprint": "pfa_vtA9fUI=",
            "gateway_address": "10.10.0.1",
            "id": "us-central1/dev-subnet",
            "ip_cidr_range": "10.10.0.0/24",
            "name": "dev-subnet",
            "network": "https://www.googleapis.com/compute/v1/projects/script-project-249010/global/networks/dev-vpc",
            "private_ip_google_access": false,
            "project": "script-project-249010",
            "region": "us-central1",
            "secondary_ip_range": [],
            "self_link": "https://www.googleapis.com/compute/v1/projects/script-project-249010/regions/us-central1/subnetworks/dev-subnet",
            "timeouts": null
          },
          "private": "eyJlMmJmYjczMC1lY2FhLTExZTYtOGY4OC0zNDM2M2JjN2M0YzAiOnsiY3JlYXRlIjozNjAwMDAwMDAwMDAsImRlbGV0ZSI6MzYwMDAwMDAwMDAwLCJ1cGRhdGUiOjM2MDAwMDAwMDAwMH19",
          "depends_on": [
            "google_compute_network.vpc1"
          ]
        }
      ]
    },
    {
      "mode": "managed",
      "type": "google_compute_subnetwork",
      "name": "subnet2",
      "provider": "provider.google",
      "instances": [
        {
          "schema_version": 0,
          "attributes": {
            "creation_timestamp": "2019-09-06T04:23:56.815-07:00",
            "description": "",
            "enable_flow_logs": false,
            "fingerprint": "OwRgb-uG7Eo=",
            "gateway_address": "10.10.1.1",
            "id": "us-central1/prod-subnet",
            "ip_cidr_range": "10.10.1.0/24",
            "name": "prod-subnet",
            "network": "https://www.googleapis.com/compute/v1/projects/script-project-249010/global/networks/prod-vpc",
            "private_ip_google_access": false,
            "project": "script-project-249010",
            "region": "us-central1",
            "secondary_ip_range": [],
            "self_link": "https://www.googleapis.com/compute/v1/projects/script-project-249010/regions/us-central1/subnetworks/prod-subnet",
            "timeouts": null
          },
          "private": "eyJlMmJmYjczMC1lY2FhLTExZTYtOGY4OC0zNDM2M2JjN2M0YzAiOnsiY3JlYXRlIjozNjAwMDAwMDAwMDAsImRlbGV0ZSI6MzYwMDAwMDAwMDAwLCJ1cGRhdGUiOjM2MDAwMDAwMDAwMH19",
          "depends_on": [
            "google_compute_network.vpc2"
          ]
        }
      ]
    },
    {
      "mode": "managed",
      "type": "google_compute_vpn_gateway",
      "name": "gateway1",
      "provider": "provider.google",
      "instances": [
        {
          "schema_version": 0,
          "attributes": {
            "creation_timestamp": "2019-09-06T04:23:56.922-07:00",
            "description": "",
            "id": "vpn-gateway-1",
            "name": "vpn-gateway-1",
            "network": "https://www.googleapis.com/compute/v1/projects/script-project-249010/global/networks/dev-vpc",
            "project": "script-project-249010",
            "region": "us-central1",
            "self_link": "https://www.googleapis.com/compute/v1/projects/script-project-249010/regions/us-central1/targetVpnGateways/vpn-gateway-1",
            "timeouts": null
          },
          "private": "eyJlMmJmYjczMC1lY2FhLTExZTYtOGY4OC0zNDM2M2JjN2M0YzAiOnsiY3JlYXRlIjoyNDAwMDAwMDAwMDAsImRlbGV0ZSI6MjQwMDAwMDAwMDAwfX0=",
          "depends_on": [
            "google_compute_network.vpc1"
          ]
        }
      ]
    },
    {
      "mode": "managed",
      "type": "google_compute_vpn_gateway",
      "name": "gateway2",
      "provider": "provider.google",
      "instances": [
        {
          "schema_version": 0,
          "attributes": {
            "creation_timestamp": "2019-09-06T04:23:56.940-07:00",
            "description": "",
            "id": "vpn-gateway-2",
            "name": "vpn-gateway-2",
            "network": "https://www.googleapis.com/compute/v1/projects/script-project-249010/global/networks/prod-vpc",
            "project": "script-project-249010",
            "region": "us-central1",
            "self_link": "https://www.googleapis.com/compute/v1/projects/script-project-249010/regions/us-central1/targetVpnGateways/vpn-gateway-2",
            "timeouts": null
          },
          "private": "eyJlMmJmYjczMC1lY2FhLTExZTYtOGY4OC0zNDM2M2JjN2M0YzAiOnsiY3JlYXRlIjoyNDAwMDAwMDAwMDAsImRlbGV0ZSI6MjQwMDAwMDAwMDAwfX0=",
          "depends_on": [
            "google_compute_network.vpc2"
          ]
        }
      ]
    },
    {
      "mode": "managed",
      "type": "google_compute_vpn_tunnel",
      "name": "tunnel1",
      "provider": "provider.google",
      "instances": [
        {
          "schema_version": 0,
          "attributes": {
            "creation_timestamp": "2019-09-06T04:24:19.186-07:00",
            "description": "",
            "detailed_status": "Initial handshake",
            "id": "vpn-tunnel-1",
            "ike_version": 2,
            "local_traffic_selector": [
              "0.0.0.0/0"
            ],
            "name": "vpn-tunnel-1",
            "peer_ip": "104.154.213.154",
            "project": "script-project-249010",
            "region": "us-central1",
            "remote_traffic_selector": [
              "10.10.1.0/24"
            ],
            "router": "",
            "self_link": "https://www.googleapis.com/compute/v1/projects/script-project-249010/regions/us-central1/vpnTunnels/vpn-tunnel-1",
            "shared_secret": "a secret message",
            "shared_secret_hash": "AJbDvNg12PegWgM6DT7a9eqlHuNr",
            "target_vpn_gateway": "https://www.googleapis.com/compute/v1/projects/script-project-249010/regions/us-central1/targetVpnGateways/vpn-gateway-1",
            "timeouts": null
          },
          "private": "eyJlMmJmYjczMC1lY2FhLTExZTYtOGY4OC0zNDM2M2JjN2M0YzAiOnsiY3JlYXRlIjoyNDAwMDAwMDAwMDAsImRlbGV0ZSI6MjQwMDAwMDAwMDAwfX0=",
          "depends_on": [
            "google_compute_address.ip_address2",
            "google_compute_forwarding_rule.fr_esp",
            "google_compute_forwarding_rule.fr_udp4500",
            "google_compute_forwarding_rule.fr_udp500",
            "google_compute_vpn_gateway.gateway1"
          ]
        }
      ]
    },
    {
      "mode": "managed",
      "type": "google_compute_vpn_tunnel",
      "name": "tunnel2",
      "provider": "provider.google",
      "instances": [
        {
          "schema_version": 0,
          "attributes": {
            "creation_timestamp": "2019-09-06T04:24:21.044-07:00",
            "description": "",
            "detailed_status": "Initial handshake",
            "id": "vpn-tunnel-2",
            "ike_version": 2,
            "local_traffic_selector": [
              "0.0.0.0/0"
            ],
            "name": "vpn-tunnel-2",
            "peer_ip": "35.202.98.73",
            "project": "script-project-249010",
            "region": "us-central1",
            "remote_traffic_selector": [
              "10.10.0.0/24"
            ],
            "router": "",
            "self_link": "https://www.googleapis.com/compute/v1/projects/script-project-249010/regions/us-central1/vpnTunnels/vpn-tunnel-2",
            "shared_secret": "a secret message",
            "shared_secret_hash": "ADF4QGpfII_ajhoQzChUPYknr1mC",
            "target_vpn_gateway": "https://www.googleapis.com/compute/v1/projects/script-project-249010/regions/us-central1/targetVpnGateways/vpn-gateway-2",
            "timeouts": null
          },
          "private": "eyJlMmJmYjczMC1lY2FhLTExZTYtOGY4OC0zNDM2M2JjN2M0YzAiOnsiY3JlYXRlIjoyNDAwMDAwMDAwMDAsImRlbGV0ZSI6MjQwMDAwMDAwMDAwfX0=",
          "depends_on": [
            "google_compute_address.ip_address1",
            "google_compute_address.ip_address2",
            "google_compute_forwarding_rule.fr_esp-1",
            "google_compute_forwarding_rule.fr_udp4500-1",
            "google_compute_forwarding_rule.fr_udp500-1",
            "google_compute_vpn_gateway.gateway2"
          ]
        }
      ]
    },
    {
      "mode": "managed",
      "type": "google_project_iam_member",
      "name": "project-owner",
      "provider": "provider.google",
      "instances": [
        {
          "schema_version": 0,
          "attributes": {
            "etag": "BwWR4KxF4r0=",
            "id": "script-project-249010/roles/viewer/user:moniece1693@gmail.com",
            "member": "user:moniece1693@gmail.com",
            "project": "script-project-249010",
            "role": "roles/viewer"
          },
          "private": "bnVsbA=="
        }
      ]
    },
    {
      "mode": "managed",
      "type": "google_project_service",
      "name": "dialogflow-api",
      "provider": "provider.google",
      "instances": [
        {
          "schema_version": 0,
          "attributes": {
            "disable_dependent_services": true,
            "disable_on_destroy": true,
            "id": "script-project-249010/dialogflow.googleapis.com",
            "project": "script-project-249010",
            "service": "dialogflow.googleapis.com",
            "timeouts": null
          },
          "private": "eyJlMmJmYjczMC1lY2FhLTExZTYtOGY4OC0zNDM2M2JjN2M0YzAiOnsiY3JlYXRlIjoxMjAwMDAwMDAwMDAwLCJkZWxldGUiOjEyMDAwMDAwMDAwMDAsInJlYWQiOjYwMDAwMDAwMDAwMCwidXBkYXRlIjoxMjAwMDAwMDAwMDAwfX0="
        }
      ]
    },
    {
      "mode": "managed",
      "type": "google_service_account",
      "name": "service-acc",
      "provider": "provider.google",
      "instances": [
        {
          "schema_version": 0,
          "attributes": {
            "account_id": "project-service-account",
            "display_name": "Project Service Account",
            "email": "project-service-account@script-project-249010.iam.gserviceaccount.com",
            "id": "projects/script-project-249010/serviceAccounts/project-service-account@script-project-249010.iam.gserviceaccount.com",
            "name": "projects/script-project-249010/serviceAccounts/project-service-account@script-project-249010.iam.gserviceaccount.com",
            "policy_data": null,
            "project": "script-project-249010",
            "unique_id": "111007169744779851827"
          },
          "private": "bnVsbA=="
        }
      ]
    },
    {
      "mode": "managed",
      "type": "google_service_account_key",
      "name": "mykey",
      "provider": "provider.google",
      "instances": [
        {
          "schema_version": 0,
          "attributes": {
            "id": "projects/script-project-249010/serviceAccounts/project-service-account@script-project-249010.iam.gserviceaccount.com/keys/dfc3e2a228c08e7bed8369a53f1a552118d31daf",
            "key_algorithm": "KEY_ALG_RSA_2048",
            "name": "projects/script-project-249010/serviceAccounts/project-service-account@script-project-249010.iam.gserviceaccount.com/keys/dfc3e2a228c08e7bed8369a53f1a552118d31daf",
            "pgp_key": null,
            "private_key": "ewogICJ0eXBlIjogInNlcnZpY2VfYWNjb3VudCIsCiAgInByb2plY3RfaWQiOiAic2NyaXB0LXByb2plY3QtMjQ5MDEwIiwKICAicHJpdmF0ZV9rZXlfaWQiOiAiZGZjM2UyYTIyOGMwOGU3YmVkODM2OWE1M2YxYTU1MjExOGQzMWRhZiIsCiAgInByaXZhdGVfa2V5IjogIi0tLS0tQkVHSU4gUFJJVkFURSBLRVktLS0tLVxuTUlJRXZBSUJBREFOQmdrcWhraUc5dzBCQVFFRkFBU0NCS1l3Z2dTaUFnRUFBb0lCQVFDc2pTVmNMSlNmUEt6eFxuMHZsakxEVWUwQkhKcldYeFZHM2xOWmpQeVVDdHJzdE1OUktmUkJCYTMvdzRXb0RERnNReUJPTUQ3QVk5SjhCWlxuZGE1L3lMR05XdjliZVRHVEZQV0tUM0FaYmtBSWt0VzJxYk04bytHbnVwNWQ5aG1IT052WmpRYVkvV05ZUkpzM1xuamxKYjZLN3VOYnlwWHkzUCtWRTBrMGNSVVhKVHNXUEM2YnhZa1RMWmZqb1hKV3VEWjFpVzZyYk82SGR0ZFRMVVxuQnh1WHR3bkllMVRQUzBOV2ExNUFCTGQ2R1hzUFhoa3BXZWRRZUFFVFpmRCtobWVELzUzYXJoVlN3M0NtWXRRSFxuNGhEbm4xWGxVTXE5QU55OUdhYkdtbjhFMTlYd2JBMnhzejN4TURIclJHSlV4MXRZaEFXSUJqUnBtUG92cy9Eb1xuNkdPZ3B0b0JBZ01CQUFFQ2dnRUFBbVNaTjJwblc3OTZ5d1pBM3VVWXJmOFc5Zy90YlYrOVArdml2UVAybllvQ1xuYUFIRzZyWkdEMHFTckFIbVRmNVJkWHVmbmRqdXU3ZWl5V0xTU3hPZ2tid290UzhzdHJSWVZPVVY0Z1puUlM4clxuSDFQQ2FIV0Iza0orYW9Gc21IVmJpQ3gyWWxZR1JBMjhoTlJZbEUxNWFwU01jNkZlS0dlVjNwZXB5VVhTd3ZJWlxubnQvWTRobW9nUmg4VzRjN2t0MWY1ajFwcVZRL3pqYlN3akxGTFlZNkYrQ0UvN2pPamdaZGEvT0k1VVE5UGlmV1xud0p6VkcrQVpXS2FtOXdzUCs1ems1VmVaUTFqa0FkTnJpTDNHYkhzWGl1RDBmbnhKaGt4WUwzNGRDRm1rRXBpY1xuTGNZMVZKZTlJTDVIYXRtNlRDTXk0ZVE5dVBUb3p6ZlV4QkNQVmpSeUFRS0JnUURoamZVS2dPajdmMjFtd2hQYVxuSDFORGswS2U1MFZhYVY1VHkwc1BkeExwRnl4ZnFJYWZKcFlaWUFyWXZKaFVJTmRNdVhGQm50TTJHeFpoeVoyVlxuMW8zVGR5K0FxY0RLNnVYdHdnR2p3OTlhMS9lZjJUOTdzTzd4WnF2NjFhS3VZcWUzY2FQVEdQTmJSSloxZkMzSVxuS1hqbnVtQmtIZ1luYXpMSmdMZ0xjRWVHd1FLQmdRREQxNm1wM1d0cXlrY1BRTU5nYklIL3BWRGY5Z2IvSzJwL1xucnd6OXR2anlYVVQrVHRyUXFzMmsxWkVRRFg3QldadDk1cVNHN3dZVTMxQXlHSThaemljS2I3K2R1VmJFRjJiNFxuQ3YzWloxaDJKaG01QWVLSzR0NThxaXdmdGNLa3VTQ2Nhdm5PSGkxYTVoU25NK08zb0k1bkhleFd6a3pjR052K1xuKzErb05xRmpRUUtCZ0ZjaXBqV0drM3NGUVZoZlJaZ1FYZlJQSVgrTnpNY2V5YWdKYzFmb0lsQVYrYmlDdkc4alxuVXYwK2t6SWp1WjFXaXBaRFZiT0tEZ0pxK0h5U2pPUmozS3FDOHNENzAxVVE1ZjZ4NGp4SDRUT1JGMEtUaE9qZFxuODVFaW52SHFNa3k0SkI3RU1ndk5LY1pxZXMyc1NXdDRTaE1MZDAxMkk5NTZsVVl2Q2VxeFY1Q0JBb0dBTDFUTVxuOVhmRkFUODM0MURVcDFZeUtQWHNVT1JtRm4rSXNxazg2NGl3Sytzc3hJV01Uc2dwQVVCNFdiZlpQYU9KZCtrcFxuTkU5S1dmc0twOERWdlBmYzZhSE9YckV2Ymg3MXpOYmpPUXJJRDIzdjQ0MjRFYmI0N0lvNE5jVzQ4QlNwOUFQS1xuc2UwTEt4L1dOLzdMZDFLL2Q5NThneEpDOHlLeThMSVNFVlo2dE1FQ2dZQjRTVXpRNlJkOTUvZGtKb3ZXTTVCVVxuTXk1NHhEOVg1aWZPcVA2dmhzbkVSVjlzcjVwYTV5dCtlUXFCdkJicVl0VzRVU3BrWVk1bVZLWTM0dDdMNDVGaVxuZkY2SU5QRXc2cHRYYzU4RW1CWURQdWM4Wm1EdGVhYzg1bXludHhkRUxKMmJBRUI4OXNDR0hZOTZqR2puNW9DK1xuWmRpVjVNckdENnJwZk5tTFZOOXcvZz09XG4tLS0tLUVORCBQUklWQVRFIEtFWS0tLS0tXG4iLAogICJjbGllbnRfZW1haWwiOiAicHJvamVjdC1zZXJ2aWNlLWFjY291bnRAc2NyaXB0LXByb2plY3QtMjQ5MDEwLmlhbS5nc2VydmljZWFjY291bnQuY29tIiwKICAiY2xpZW50X2lkIjogIjExMTAwNzE2OTc0NDc3OTg1MTgyNyIsCiAgImF1dGhfdXJpIjogImh0dHBzOi8vYWNjb3VudHMuZ29vZ2xlLmNvbS9vL29hdXRoMi9hdXRoIiwKICAidG9rZW5fdXJpIjogImh0dHBzOi8vb2F1dGgyLmdvb2dsZWFwaXMuY29tL3Rva2VuIiwKICAiYXV0aF9wcm92aWRlcl94NTA5X2NlcnRfdXJsIjogImh0dHBzOi8vd3d3Lmdvb2dsZWFwaXMuY29tL29hdXRoMi92MS9jZXJ0cyIsCiAgImNsaWVudF94NTA5X2NlcnRfdXJsIjogImh0dHBzOi8vd3d3Lmdvb2dsZWFwaXMuY29tL3JvYm90L3YxL21ldGFkYXRhL3g1MDkvcHJvamVjdC1zZXJ2aWNlLWFjY291bnQlNDBzY3JpcHQtcHJvamVjdC0yNDkwMTAuaWFtLmdzZXJ2aWNlYWNjb3VudC5jb20iCn0K",
            "private_key_encrypted": null,
            "private_key_fingerprint": null,
            "private_key_type": "TYPE_GOOGLE_CREDENTIALS_FILE",
            "public_key": "LS0tLS1CRUdJTiBDRVJUSUZJQ0FURS0tLS0tCk1JSUMrakNDQWVLZ0F3SUJBZ0lJUSt4ZTB4VVZoMFl3RFFZSktvWklodmNOQVFFRkJRQXdJREVlTUJ3R0ExVUUKQXhNVk1URXhNREEzTVRZNU56UTBOemM1T0RVeE9ESTNNQjRYRFRFNU1Ea3dOakV4TWpNME1Wb1hEVEk1TURrdwpNekV4TWpNME1Wb3dJREVlTUJ3R0ExVUVBeE1WTVRFeE1EQTNNVFk1TnpRME56YzVPRFV4T0RJM01JSUJJakFOCkJna3Foa2lHOXcwQkFRRUZBQU9DQVE4QU1JSUJDZ0tDQVFFQXJJMGxYQ3lVbnp5czhkTDVZeXcxSHRBUnlhMWwKOFZSdDVUV1l6OGxBcmE3TFREVVNuMFFRV3QvOE9GcUF3eGJFTWdUakErd0dQU2ZBV1hXdWY4aXhqVnIvVzNreApreFQxaWs5d0dXNUFDSkxWdHFtelBLUGhwN3FlWGZZWmh6amIyWTBHbVAxaldFU2JONDVTVytpdTdqVzhxVjh0CnovbFJOSk5IRVZGeVU3Rmp3dW04V0pFeTJYNDZGeVZyZzJkWWx1cTJ6dWgzYlhVeTFBY2JsN2NKeUh0VXowdEQKVm10ZVFBUzNlaGw3RDE0WktWbm5VSGdCRTJYdy9vWm5nLytkMnE0VlVzTndwbUxVQitJUTU1OVY1VkRLdlFEYwp2Um1teHBwL0JOZlY4R3dOc2JNOThUQXg2MFJpVk1kYldJUUZpQVkwYVpqNkw3UHc2T2hqb0tiYUFRSURBUUFCCm96Z3dOakFNQmdOVkhSTUJBZjhFQWpBQU1BNEdBMVVkRHdFQi93UUVBd0lIZ0RBV0JnTlZIU1VCQWY4RUREQUsKQmdnckJnRUZCUWNEQWpBTkJna3Foa2lHOXcwQkFRVUZBQU9DQVFFQWU1aDhZVGN1blB0T25Vc3VEQ3p4ZmZCcgp2bEtqQ0ZCb0xEeUQyVkFWcTlxNlI5Z3pBVHVWd2ZwOHdFZHU0SWFleGE2UkJqY056N3p0Q3ZYaW1tLzZMUVMyCjZZd2FuQndkOGNJM2FIdGpzTVNZRHQrWjR1RkRtQ29sOVk0aUp1U2UvNUdpbUFYeVpOanh4dHB0SXlmWmloVFgKRytGOFpsUHdjMlgyeFZOY2tlTEpFL3JBVk1NSVJXMlYvc2U3WVgrd3FvbEVHN1hEeFVHbUk1NWE2ZEQ1dFhGSwoyUlNmYWhaVTlJQ3RYOUJaVzl1VkxlSEpVMW1ZK0VvV1cwaDJLdUtvVWExQ21QdWxyUFBlNThlZ2ZCRDk4NkxVClFqTURXamlVODh2T3VTY1JLWVEyeVRsNS9KV3hOYXZSdEtMYTFMY0hBUWJjZkJQNEdjNzI1S1RKTXJGTTNBPT0KLS0tLS1FTkQgQ0VSVElGSUNBVEUtLS0tLQo=",
            "public_key_type": "TYPE_X509_PEM_FILE",
            "service_account_id": "projects/script-project-249010/serviceAccounts/project-service-account@script-project-249010.iam.gserviceaccount.com",
            "valid_after": "2019-09-06T11:23:41Z",
            "valid_before": "2029-09-03T11:23:41Z"
          },
          "private": "bnVsbA==",
          "depends_on": [
            "google_service_account.service-acc"
          ]
        }
      ]
    },
    {
      "mode": "managed",
      "type": "google_storage_bucket",
      "name": "storage_bucket",
      "provider": "provider.google",
      "instances": [
        {
          "schema_version": 0,
          "attributes": {
            "bucket_policy_only": false,
            "cors": [],
            "encryption": [],
            "force_destroy": false,
            "id": "terraform-gcp-bucket-1a",
            "labels": null,
            "lifecycle_rule": [
              {
                "action": [
                  {
                    "storage_class": "",
                    "type": "Delete"
                  }
                ],
                "condition": [
                  {
                    "age": 10,
                    "created_before": "",
                    "is_live": false,
                    "matches_storage_class": [],
                    "num_newer_versions": 0,
                    "with_state": "ARCHIVED"
                  }
                ]
              }
            ],
            "location": "EU",
            "logging": [],
            "name": "terraform-gcp-bucket-1a",
            "predefined_acl": null,
            "project": "script-project-249010",
            "requester_pays": false,
            "retention_policy": [],
            "self_link": "https://www.googleapis.com/storage/v1/b/terraform-gcp-bucket-1a",
            "storage_class": "MULTI_REGIONAL",
            "url": "gs://terraform-gcp-bucket-1a",
            "versioning": [
              {
                "enabled": true
              }
            ],
            "website": []
          },
          "private": "bnVsbA=="
        }
      ]
    },
    {
      "mode": "managed",
      "type": "google_storage_bucket_acl",
      "name": "storage_bucket",
      "provider": "provider.google",
      "instances": [
        {
          "schema_version": 0,
          "attributes": {
            "bucket": "terraform-gcp-bucket-1a",
            "default_acl": null,
            "id": "terraform-gcp-bucket-1a-acl",
            "predefined_acl": null,
            "role_entity": [
              "OWNER:project-owners-125530381914",
              "OWNER:project-editors-125530381914",
              "READER:project-viewers-125530381914",
              "OWNER:user-iamdaaniyaal@gmail.com",
              "READER:user-authentick9@gmail.com"
            ]
          },
          "private": "bnVsbA==",
          "depends_on": [
            "google_storage_bucket.storage_bucket"
          ]
        }
      ]
    }
  ]
}
