{
  "version": 4,
  "terraform_version": "0.12.7",
  "serial": 134,
  "lineage": "72e6ee5d-4a93-b45f-5485-74d064e6f20c",
  "outputs": {},
  "resources": [
    {
      "mode": "data",
      "type": "template_file",
      "name": "phpconfig",
      "provider": "provider.template",
      "instances": [
        {
          "schema_version": 0,
          "attributes": {
            "filename": null,
            "id": "bdd8ac63db1587e14e747d5515f4dbcdafd0bb599b4500197a18061d13c30653",
            "rendered": "\u003c?php\r\n/**\r\n * The base configuration for WordPress\r\n *\r\n * The wp-config.php creation script uses this file during the\r\n * installation. You don't have to use the web site, you can\r\n * copy this file to \"wp-config.php\" and fill in the values.\r\n *\r\n * This file contains the following configurations:\r\n *\r\n * * MySQL settings\r\n * * Secret keys\r\n * * Database table prefix\r\n * * ABSPATH\r\n *\r\n * @link https://codex.wordpress.org/Editing_wp-config.php\r\n *\r\n * @package WordPress\r\n */\r\n// ** MySQL settings - You can get this info from your web host ** //\r\n/** The name of the database for WordPress */\r\ndefine( 'DB_NAME', 'wp-database' );\r\n/** MySQL database username */\r\ndefine( 'DB_USER', 'user123' );\r\n/** MySQL database password */\r\ndefine( 'DB_PASSWORD', '12345' );\r\n/** MySQL hostname */\r\ndefine( 'DB_HOST', '10.93.0.3' );\r\n/** Database Charset to use in creating database tables. */\r\ndefine( 'DB_CHARSET', 'utf8' );\r\n/** The Database Collate type. Don't change this if in doubt. */\r\ndefine( 'DB_COLLATE', '' );\r\n/**#@+\r\n * Authentication Unique Keys and Salts.\r\n *\r\n * Change these to different unique phrases!\r\n * You can generate these using the {@link https://api.wordpress.org/secret-key/1.1/salt/ WordPress.org secret-key service}\r\n * You can change these at any point in time to invalidate all existing cookies. This will force all users to have to log in again.\r\n *\r\n * @since 2.6.0\r\n */\r\ndefine( 'AUTH_KEY',         'put your unique phrase here' );\r\ndefine( 'SECURE_AUTH_KEY',  'put your unique phrase here' );\r\ndefine( 'LOGGED_IN_KEY',    'put your unique phrase here' );\r\ndefine( 'NONCE_KEY',        'put your unique phrase here' );\r\ndefine( 'AUTH_SALT',        'put your unique phrase here' );\r\ndefine( 'SECURE_AUTH_SALT', 'put your unique phrase here' );\r\ndefine( 'LOGGED_IN_SALT',   'put your unique phrase here' );\r\ndefine( 'NONCE_SALT',       'put your unique phrase here' );\r\n/**#@-*/\r\n/**\r\n * WordPress Database Table prefix.\r\n *\r\n * You can have multiple installations in one database if you give each\r\n * a unique prefix. Only numbers, letters, and underscores please!\r\n */\r\n$table_prefix = 'wp_';\r\n/**\r\n * For developers: WordPress debugging mode.\r\n *\r\n * Change this to true to enable the display of notices during development.\r\n * It is strongly recommended that plugin and theme developers use WP_DEBUG\r\n * in their development environments.\r\n *\r\n * For information on other constants that can be used for debugging,\r\n * visit the Codex.\r\n *\r\n * @link https://codex.wordpress.org/Debugging_in_WordPress\r\n */\r\ndefine( 'WP_DEBUG', false );\r\n/* That's all, stop editing! Happy publishing. */\r\n/** Absolute path to the WordPress directory. */\r\nif ( ! defined( 'ABSPATH' ) ) {\r\n\tdefine( 'ABSPATH', dirname( __FILE__ ) . '/' );\r\n}\r\n/** Sets up WordPress vars and included files. */\r\nrequire_once( ABSPATH . 'wp-settings.php' );",
            "template": "\u003c?php\r\n/**\r\n * The base configuration for WordPress\r\n *\r\n * The wp-config.php creation script uses this file during the\r\n * installation. You don't have to use the web site, you can\r\n * copy this file to \"wp-config.php\" and fill in the values.\r\n *\r\n * This file contains the following configurations:\r\n *\r\n * * MySQL settings\r\n * * Secret keys\r\n * * Database table prefix\r\n * * ABSPATH\r\n *\r\n * @link https://codex.wordpress.org/Editing_wp-config.php\r\n *\r\n * @package WordPress\r\n */\r\n// ** MySQL settings - You can get this info from your web host ** //\r\n/** The name of the database for WordPress */\r\ndefine( 'DB_NAME', 'wp-database' );\r\n/** MySQL database username */\r\ndefine( 'DB_USER', 'user123' );\r\n/** MySQL database password */\r\ndefine( 'DB_PASSWORD', '12345' );\r\n/** MySQL hostname */\r\ndefine( 'DB_HOST', '10.93.0.3' );\r\n/** Database Charset to use in creating database tables. */\r\ndefine( 'DB_CHARSET', 'utf8' );\r\n/** The Database Collate type. Don't change this if in doubt. */\r\ndefine( 'DB_COLLATE', '' );\r\n/**#@+\r\n * Authentication Unique Keys and Salts.\r\n *\r\n * Change these to different unique phrases!\r\n * You can generate these using the {@link https://api.wordpress.org/secret-key/1.1/salt/ WordPress.org secret-key service}\r\n * You can change these at any point in time to invalidate all existing cookies. This will force all users to have to log in again.\r\n *\r\n * @since 2.6.0\r\n */\r\ndefine( 'AUTH_KEY',         'put your unique phrase here' );\r\ndefine( 'SECURE_AUTH_KEY',  'put your unique phrase here' );\r\ndefine( 'LOGGED_IN_KEY',    'put your unique phrase here' );\r\ndefine( 'NONCE_KEY',        'put your unique phrase here' );\r\ndefine( 'AUTH_SALT',        'put your unique phrase here' );\r\ndefine( 'SECURE_AUTH_SALT', 'put your unique phrase here' );\r\ndefine( 'LOGGED_IN_SALT',   'put your unique phrase here' );\r\ndefine( 'NONCE_SALT',       'put your unique phrase here' );\r\n/**#@-*/\r\n/**\r\n * WordPress Database Table prefix.\r\n *\r\n * You can have multiple installations in one database if you give each\r\n * a unique prefix. Only numbers, letters, and underscores please!\r\n */\r\n$table_prefix = 'wp_';\r\n/**\r\n * For developers: WordPress debugging mode.\r\n *\r\n * Change this to true to enable the display of notices during development.\r\n * It is strongly recommended that plugin and theme developers use WP_DEBUG\r\n * in their development environments.\r\n *\r\n * For information on other constants that can be used for debugging,\r\n * visit the Codex.\r\n *\r\n * @link https://codex.wordpress.org/Debugging_in_WordPress\r\n */\r\ndefine( 'WP_DEBUG', false );\r\n/* That's all, stop editing! Happy publishing. */\r\n/** Absolute path to the WordPress directory. */\r\nif ( ! defined( 'ABSPATH' ) ) {\r\n\tdefine( 'ABSPATH', dirname( __FILE__ ) . '/' );\r\n}\r\n/** Sets up WordPress vars and included files. */\r\nrequire_once( ABSPATH . 'wp-settings.php' );",
            "vars": null
          },
          "depends_on": [
            "google_sql_database.database",
            "google_sql_database_instance.sql",
            "google_sql_user.users"
          ]
        }
      ]
    },
    {
      "mode": "managed",
      "type": "google_compute_address",
      "name": "static",
      "provider": "provider.google",
      "instances": [
        {
          "schema_version": 0,
          "attributes": {
            "address": "35.188.98.112",
            "address_type": "EXTERNAL",
            "creation_timestamp": "2019-09-13T03:52:02.416-07:00",
            "description": "",
            "id": "script-project-249010/us-central1/ipaddress",
            "name": "ipaddress",
            "network_tier": "PREMIUM",
            "project": "script-project-249010",
            "region": "us-central1",
            "self_link": "https://www.googleapis.com/compute/v1/projects/script-project-249010/regions/us-central1/addresses/ipaddress",
            "subnetwork": "",
            "timeouts": null,
            "users": []
          },
          "private": "eyJlMmJmYjczMC1lY2FhLTExZTYtOGY4OC0zNDM2M2JjN2M0YzAiOnsiY3JlYXRlIjoyNDAwMDAwMDAwMDAsImRlbGV0ZSI6MjQwMDAwMDAwMDAwfX0="
        }
      ]
    },
    {
      "mode": "managed",
      "type": "google_compute_firewall",
      "name": "firewall1",
      "provider": "provider.google",
      "instances": [
        {
          "schema_version": 1,
          "attributes": {
            "allow": [
              {
                "ports": [
                  "80",
                  "22",
                  "3306"
                ],
                "protocol": "tcp"
              },
              {
                "ports": [],
                "protocol": "icmp"
              }
            ],
            "creation_timestamp": "2019-09-13T03:52:28.634-07:00",
            "deny": [],
            "description": "",
            "destination_ranges": [],
            "direction": "INGRESS",
            "disabled": false,
            "id": "dev-ingress-firewall",
            "name": "dev-ingress-firewall",
            "network": "https://www.googleapis.com/compute/v1/projects/script-project-249010/global/networks/dev-vpc",
            "priority": 1000,
            "project": "script-project-249010",
            "self_link": "https://www.googleapis.com/compute/v1/projects/script-project-249010/global/firewalls/dev-ingress-firewall",
            "source_ranges": [
              "0.0.0.0/0"
            ],
            "source_service_accounts": [],
            "source_tags": [],
            "target_service_accounts": [],
            "target_tags": [],
            "timeouts": null
          },
          "private": "eyJlMmJmYjczMC1lY2FhLTExZTYtOGY4OC0zNDM2M2JjN2M0YzAiOnsiY3JlYXRlIjoyNDAwMDAwMDAwMDAsImRlbGV0ZSI6MjQwMDAwMDAwMDAwLCJ1cGRhdGUiOjI0MDAwMDAwMDAwMH0sInNjaGVtYV92ZXJzaW9uIjoiMSJ9",
          "depends_on": [
            "google_compute_network.vpc1"
          ]
        }
      ]
    },
    {
      "mode": "managed",
      "type": "google_compute_firewall",
      "name": "firewall2",
      "provider": "provider.google",
      "instances": [
        {
          "schema_version": 1,
          "attributes": {
            "allow": [
              {
                "ports": [
                  "80",
                  "22",
                  "3306"
                ],
                "protocol": "tcp"
              },
              {
                "ports": [],
                "protocol": "icmp"
              }
            ],
            "creation_timestamp": "2019-09-13T03:52:28.727-07:00",
            "deny": [],
            "description": "",
            "destination_ranges": [
              "0.0.0.0/0"
            ],
            "direction": "EGRESS",
            "disabled": false,
            "id": "dev-egress-firewall",
            "name": "dev-egress-firewall",
            "network": "https://www.googleapis.com/compute/v1/projects/script-project-249010/global/networks/dev-vpc",
            "priority": 1000,
            "project": "script-project-249010",
            "self_link": "https://www.googleapis.com/compute/v1/projects/script-project-249010/global/firewalls/dev-egress-firewall",
            "source_ranges": [],
            "source_service_accounts": [],
            "source_tags": [],
            "target_service_accounts": [],
            "target_tags": [],
            "timeouts": null
          },
          "private": "eyJlMmJmYjczMC1lY2FhLTExZTYtOGY4OC0zNDM2M2JjN2M0YzAiOnsiY3JlYXRlIjoyNDAwMDAwMDAwMDAsImRlbGV0ZSI6MjQwMDAwMDAwMDAwLCJ1cGRhdGUiOjI0MDAwMDAwMDAwMH0sInNjaGVtYV92ZXJzaW9uIjoiMSJ9",
          "depends_on": [
            "google_compute_network.vpc1"
          ]
        }
      ]
    },
    {
      "mode": "managed",
      "type": "google_compute_global_address",
      "name": "private_ip_alloc",
      "provider": "provider.google",
      "instances": [
        {
          "schema_version": 0,
          "attributes": {
            "address": "10.93.0.0",
            "address_type": "INTERNAL",
            "creation_timestamp": "2019-09-13T03:52:28.682-07:00",
            "description": "",
            "id": "private-ip-alloc",
            "ip_version": "",
            "name": "private-ip-alloc",
            "network": "https://www.googleapis.com/compute/v1/projects/script-project-249010/global/networks/dev-vpc",
            "prefix_length": 16,
            "project": "script-project-249010",
            "purpose": "VPC_PEERING",
            "self_link": "https://www.googleapis.com/compute/v1/projects/script-project-249010/global/addresses/private-ip-alloc",
            "timeouts": null
          },
          "private": "eyJlMmJmYjczMC1lY2FhLTExZTYtOGY4OC0zNDM2M2JjN2M0YzAiOnsiY3JlYXRlIjoyNDAwMDAwMDAwMDAsImRlbGV0ZSI6MjQwMDAwMDAwMDAwfX0=",
          "depends_on": [
            "google_compute_network.vpc1"
          ]
        }
      ]
    },
    {
      "mode": "managed",
      "type": "google_compute_instance",
      "name": "default",
      "provider": "provider.google",
      "instances": [
        {
          "schema_version": 6,
          "attributes": {
            "allow_stopping_for_update": null,
            "attached_disk": [],
            "boot_disk": [
              {
                "auto_delete": true,
                "device_name": "persistent-disk-0",
                "disk_encryption_key_raw": "",
                "disk_encryption_key_sha256": "",
                "initialize_params": [
                  {
                    "image": "https://www.googleapis.com/compute/v1/projects/debian-cloud/global/images/debian-9-stretch-v20190905",
                    "labels": {},
                    "size": 10,
                    "type": "pd-standard"
                  }
                ],
                "kms_key_self_link": "",
                "source": "https://www.googleapis.com/compute/v1/projects/script-project-249010/zones/us-central1-a/disks/wp1"
              }
            ],
            "can_ip_forward": false,
            "cpu_platform": "Intel Haswell",
            "deletion_protection": false,
            "description": "",
            "disk": [],
            "guest_accelerator": [],
            "hostname": "",
            "id": "wp1",
            "instance_id": "3708831358980114441",
            "label_fingerprint": "42WmSpB8rSM=",
            "labels": null,
            "machine_type": "n1-standard-1",
            "metadata": null,
            "metadata_fingerprint": "ON7cWxpV3Sc=",
            "metadata_startup_script": "sudo  echo \"root:root123\" | chpasswd; sudo  mv /etc/ssh/sshd_config  /opt; sudo touch /etc/ssh/sshd_config; sudo echo -e \"Port 22\nHostKey /etc/ssh/ssh_host_rsa_key\nPermitRootLogin yes\nPubkeyAuthentication yes\nPasswordAuthentication yes\nUsePAM yes\" \u003e  /etc/ssh/sshd_config; sudo systemctl restart sshd; sudo apt install git  -y; git clone https://github.com/iamdaaniyaal/GCP.git; cd GCP/Terraform; sudo chmod 777 script.sh; ./script.sh",
            "min_cpu_platform": "",
            "name": "wp1",
            "network_interface": [
              {
                "access_config": [
                  {
                    "assigned_nat_ip": "",
                    "nat_ip": "35.188.98.112",
                    "network_tier": "PREMIUM",
                    "public_ptr_domain_name": ""
                  }
                ],
                "address": "",
                "alias_ip_range": [],
                "name": "nic0",
                "network": "https://www.googleapis.com/compute/v1/projects/script-project-249010/global/networks/dev-vpc",
                "network_ip": "10.10.0.2",
                "subnetwork": "https://www.googleapis.com/compute/v1/projects/script-project-249010/regions/us-central1/subnetworks/dev-subnet",
                "subnetwork_project": "script-project-249010"
              }
            ],
            "project": "script-project-249010",
            "scheduling": [
              {
                "automatic_restart": true,
                "node_affinities": [],
                "on_host_maintenance": "MIGRATE",
                "preemptible": false
              }
            ],
            "scratch_disk": [],
            "self_link": "https://www.googleapis.com/compute/v1/projects/script-project-249010/zones/us-central1-a/instances/wp1",
            "service_account": [],
            "shielded_instance_config": [],
            "tags": [
              "bar",
              "foo"
            ],
            "tags_fingerprint": "1gqCRgrww4E=",
            "timeouts": null,
            "zone": "us-central1-a"
          },
          "private": "eyJlMmJmYjczMC1lY2FhLTExZTYtOGY4OC0zNDM2M2JjN2M0YzAiOnsiY3JlYXRlIjoxMjAwMDAwMDAwMDAwLCJkZWxldGUiOjEyMDAwMDAwMDAwMDAsInVwZGF0ZSI6MTIwMDAwMDAwMDAwMH0sInNjaGVtYV92ZXJzaW9uIjoiNiJ9",
          "depends_on": [
            "data.template_file.phpconfig",
            "google_compute_address.static",
            "google_compute_network.vpc1",
            "google_compute_subnetwork.subnet1"
          ]
        }
      ]
    },
    {
      "mode": "managed",
      "type": "google_compute_network",
      "name": "vpc1",
      "provider": "provider.google",
      "instances": [
        {
          "schema_version": 0,
          "attributes": {
            "auto_create_subnetworks": false,
            "delete_default_routes_on_create": false,
            "description": "",
            "gateway_ipv4": "",
            "id": "dev-vpc",
            "ipv4_range": "",
            "name": "dev-vpc",
            "project": "script-project-249010",
            "routing_mode": "REGIONAL",
            "self_link": "https://www.googleapis.com/compute/v1/projects/script-project-249010/global/networks/dev-vpc",
            "timeouts": null
          },
          "private": "eyJlMmJmYjczMC1lY2FhLTExZTYtOGY4OC0zNDM2M2JjN2M0YzAiOnsiY3JlYXRlIjoyNDAwMDAwMDAwMDAsImRlbGV0ZSI6MjQwMDAwMDAwMDAwLCJ1cGRhdGUiOjI0MDAwMDAwMDAwMH19"
        }
      ]
    },
    {
      "mode": "managed",
      "type": "google_compute_subnetwork",
      "name": "subnet1",
      "provider": "provider.google",
      "instances": [
        {
          "schema_version": 0,
          "attributes": {
            "creation_timestamp": "2019-09-13T03:52:28.798-07:00",
            "description": "",
            "enable_flow_logs": false,
            "fingerprint": "dUuDUhR6Mqw=",
            "gateway_address": "10.10.0.1",
            "id": "us-central1/dev-subnet",
            "ip_cidr_range": "10.10.0.0/24",
            "name": "dev-subnet",
            "network": "https://www.googleapis.com/compute/v1/projects/script-project-249010/global/networks/dev-vpc",
            "private_ip_google_access": false,
            "project": "script-project-249010",
            "region": "us-central1",
            "secondary_ip_range": [],
            "self_link": "https://www.googleapis.com/compute/v1/projects/script-project-249010/regions/us-central1/subnetworks/dev-subnet",
            "timeouts": null
          },
          "private": "eyJlMmJmYjczMC1lY2FhLTExZTYtOGY4OC0zNDM2M2JjN2M0YzAiOnsiY3JlYXRlIjozNjAwMDAwMDAwMDAsImRlbGV0ZSI6MzYwMDAwMDAwMDAwLCJ1cGRhdGUiOjM2MDAwMDAwMDAwMH19",
          "depends_on": [
            "google_compute_network.vpc1"
          ]
        }
      ]
    },
    {
      "mode": "managed",
      "type": "google_service_networking_connection",
      "name": "foobar",
      "provider": "provider.google",
      "instances": [
        {
          "schema_version": 0,
          "attributes": {
            "id": "https%3A%2F%2Fwww.googleapis.com%2Fcompute%2Fv1%2Fprojects%2Fscript-project-249010%2Fglobal%2Fnetworks%2Fdev-vpc:servicenetworking.googleapis.com",
            "network": "https://www.googleapis.com/compute/v1/projects/script-project-249010/global/networks/dev-vpc",
            "peering": "servicenetworking-googleapis-com",
            "reserved_peering_ranges": [
              "private-ip-alloc"
            ],
            "service": "servicenetworking.googleapis.com"
          },
          "private": "bnVsbA==",
          "depends_on": [
            "google_compute_global_address.private_ip_alloc",
            "google_compute_network.vpc1"
          ]
        }
      ]
    },
    {
      "mode": "managed",
      "type": "google_sql_database",
      "name": "database",
      "provider": "provider.google",
      "instances": [
        {
          "schema_version": 0,
          "attributes": {
            "charset": "utf8",
            "collation": "utf8_general_ci",
            "id": "sql-instance2121:wp-database",
            "instance": "sql-instance2121",
            "name": "wp-database",
            "project": "script-project-249010",
            "self_link": "https://www.googleapis.com/sql/v1beta4/projects/script-project-249010/instances/sql-instance2121/databases/wp-database",
            "timeouts": null
          },
          "private": "eyJlMmJmYjczMC1lY2FhLTExZTYtOGY4OC0zNDM2M2JjN2M0YzAiOnsiY3JlYXRlIjo5MDAwMDAwMDAwMDAsImRlbGV0ZSI6NjAwMDAwMDAwMDAwLCJ1cGRhdGUiOjYwMDAwMDAwMDAwMH19",
          "depends_on": [
            "google_sql_database_instance.sql"
          ]
        }
      ]
    },
    {
      "mode": "managed",
      "type": "google_sql_database_instance",
      "name": "sql",
      "provider": "provider.google",
      "instances": [
        {
          "schema_version": 0,
          "attributes": {
            "connection_name": "script-project-249010:us-central1:sql-instance2121",
            "database_version": "MYSQL_5_7",
            "first_ip_address": "35.193.155.101",
            "id": "sql-instance2121",
            "ip_address": [
              {
                "ip_address": "35.193.155.101",
                "time_to_retire": "",
                "type": "PRIMARY"
              },
              {
                "ip_address": "10.93.0.3",
                "time_to_retire": "",
                "type": "PRIVATE"
              }
            ],
            "master_instance_name": "",
            "name": "sql-instance2121",
            "private_ip_address": "10.93.0.3",
            "project": "script-project-249010",
            "public_ip_address": "35.193.155.101",
            "region": "us-central1",
            "replica_configuration": [],
            "self_link": "https://www.googleapis.com/sql/v1beta4/projects/script-project-249010/instances/sql-instance2121",
            "server_ca_cert": [
              {
                "cert": "-----BEGIN CERTIFICATE-----\nMIIDfzCCAmegAwIBAgIBADANBgkqhkiG9w0BAQsFADB3MS0wKwYDVQQuEyQxNTY0\nZDEwOC02NGMyLTQ4ZWYtYTNjOC03YWIxMmU1YjFjYjYxIzAhBgNVBAMTGkdvb2ds\nZSBDbG91ZCBTUUwgU2VydmVyIENBMRQwEgYDVQQKEwtHb29nbGUsIEluYzELMAkG\nA1UEBhMCVVMwHhcNMTkwOTEzMTA1NzEzWhcNMjkwOTEwMTA1ODEzWjB3MS0wKwYD\nVQQuEyQxNTY0ZDEwOC02NGMyLTQ4ZWYtYTNjOC03YWIxMmU1YjFjYjYxIzAhBgNV\nBAMTGkdvb2dsZSBDbG91ZCBTUUwgU2VydmVyIENBMRQwEgYDVQQKEwtHb29nbGUs\nIEluYzELMAkGA1UEBhMCVVMwggEiMA0GCSqGSIb3DQEBAQUAA4IBDwAwggEKAoIB\nAQCbGf0aD/alcFAFxyPg0rSdZm8XgTYN49wwpCU4Tjo9D4lywv5FrEYxFRKJA7ge\nNAwRLNIgXgUAN94wGnwzQJWUDTzP40lPXjhsKSMh+mf20qutgZO9tZCv20t/wCba\npUEZVOiReJmU+qqmdVFVHTjDQQon4i4mMx7/+U2z1VWoJ+0cGzCwAXP5hLStnjVB\nx5E94FfEeZ2ufycFGolH/ySFwPcoQgRNtHQ/iNOYw/2pT6H/KM244j8KVZDX7w5j\nAfogPzaTY5kcuPQ/clS2nRtBvxofGTDyW5E5yZ/Cd3pJ7oiJG5JDycCZJzTqfA4s\nLEjUkgFwoGAW4FQrNiFIAbLBAgMBAAGjFjAUMBIGA1UdEwEB/wQIMAYBAf8CAQAw\nDQYJKoZIhvcNAQELBQADggEBAHE6NgxDCZfZRMB9C0wQnEv+P8HaT6cVyO/a6voP\nQKFR5UDE9hu+CCZodrI+URO/rjTj/oAQRCancjOwyLthny/eqqrgwr4/b6wRRYte\np1/8IjbkV5rrmWkfx0nPN+Uuz+8pGqgX6vDd8OvcgHjgbEatZ1rlWQtgTOqncSuJ\naoIsGCnE3zQzhb3SQaEQzQeQwUn2w8uM5U+AvAeAHuiKvU2goUf5vbDLRTVXVvsI\nWR+So+oOlNUtevcC23Qcy/jauLQ/WoTI4Jmn1VQAPRtOuB+4cPX62AFdxutXWBmz\nmXS7E/sSWSUS56HVKnQUCdwEuupGEHwAR735A/T8JhC8yCE=\n-----END CERTIFICATE-----",
                "common_name": "C=US,O=Google\\, Inc,CN=Google Cloud SQL Server CA,dnQualifier=1564d108-64c2-48ef-a3c8-7ab12e5b1cb6",
                "create_time": "2019-09-13T10:57:13.286Z",
                "expiration_time": "2029-09-10T10:58:13.286Z",
                "sha1_fingerprint": "28d11b48172baea168a03ecd5c11a9b816a4de4e"
              }
            ],
            "service_account_email_address": "p125530381914-bwgzrg@gcp-sa-cloud-sql.iam.gserviceaccount.com",
            "settings": [
              {
                "activation_policy": "ALWAYS",
                "authorized_gae_applications": null,
                "availability_type": "",
                "backup_configuration": [
                  {
                    "binary_log_enabled": false,
                    "enabled": false,
                    "start_time": "13:00"
                  }
                ],
                "crash_safe_replication": false,
                "database_flags": [],
                "disk_autoresize": true,
                "disk_size": 10,
                "disk_type": "PD_SSD",
                "ip_configuration": [
                  {
                    "authorized_networks": [
                      {
                        "expiration_time": "",
                        "name": "allowedip",
                        "value": "35.188.98.112/32"
                      }
                    ],
                    "ipv4_enabled": true,
                    "private_network": "projects/script-project-249010/global/networks/dev-vpc",
                    "require_ssl": false
                  }
                ],
                "location_preference": [
                  {
                    "follow_gae_application": "",
                    "zone": "us-central1-a"
                  }
                ],
                "maintenance_window": [],
                "pricing_plan": "PER_USE",
                "replication_type": "SYNCHRONOUS",
                "tier": "db-f1-micro",
                "user_labels": null,
                "version": 1
              }
            ],
            "timeouts": null
          },
          "private": "eyJlMmJmYjczMC1lY2FhLTExZTYtOGY4OC0zNDM2M2JjN2M0YzAiOnsiY3JlYXRlIjoxMjAwMDAwMDAwMDAwLCJkZWxldGUiOjEyMDAwMDAwMDAwMDAsInVwZGF0ZSI6MTIwMDAwMDAwMDAwMH19",
          "depends_on": [
            "google_compute_address.static",
            "google_compute_network.vpc1",
            "google_service_networking_connection.foobar"
          ]
        }
      ]
    },
    {
      "mode": "managed",
      "type": "google_sql_user",
      "name": "users",
      "provider": "provider.google",
      "instances": [
        {
          "schema_version": 1,
          "attributes": {
            "host": "35.188.98.112",
            "id": "user123/35.188.98.112/sql-instance2121",
            "instance": "sql-instance2121",
            "name": "user123",
            "password": "12345",
            "project": "script-project-249010"
          },
          "private": "eyJzY2hlbWFfdmVyc2lvbiI6IjEifQ==",
          "depends_on": [
            "google_compute_address.static",
            "google_sql_database_instance.sql"
          ]
        }
      ]
    }
  ]
}
